PODS:
  - ISVImageScrollView (0.2.0)

DEPENDENCIES:
  - ISVImageScrollView (from `../`)

EXTERNAL SOURCES:
  ISVImageScrollView:
    :path: "../"

SPEC CHECKSUMS:
  ISVImageScrollView: c33365cb383b8b2365d0519d184ab11bae3eba44

PODFILE CHECKSUM: 4744aa60aeb8810abf35643611a82180bdf82304

COCOAPODS: 1.9.1
