PODS:
  - ISVImageScrollView (0.3.0)

DEPENDENCIES:
  - ISVImageScrollView (from `../`)

EXTERNAL SOURCES:
  ISVImageScrollView:
    :path: "../"

SPEC CHECKSUMS:
  ISVImageScrollView: 2c89840496647af985bfc0e09b346b9aa733ecec

PODFILE CHECKSUM: 4744aa60aeb8810abf35643611a82180bdf82304

COCOAPODS: 1.9.1
