PODS:
  - ISVImageScrollView (0.2.0)

DEPENDENCIES:
  - ISVImageScrollView (from `../`)

EXTERNAL SOURCES:
  ISVImageScrollView:
    :path: "../"

SPEC CHECKSUMS:
  ISVImageScrollView: c33365cb383b8b2365d0519d184ab11bae3eba44

PODFILE CHECKSUM: 0e63ccf63cc896093e8fda881f47727c33ea0f45

COCOAPODS: 1.9.1
